// !$*UTF8*$!
{
	archiveVersion = 1;
	classes = {
	};
	objectVersion = 46;
	objects = {

/* Begin PBXBuildFile section */
		90002E7619ED136F00F559DD /* Images.xcassets in Resources */ = {isa = PBXBuildFile; fileRef = 90002E7519ED136F00F559DD /* Images.xcassets */; };
		900F710216661B6A00220E02 /* Social.framework in Frameworks */ = {isa = PBXBuildFile; fileRef = 900F710116661B6A00220E02 /* Social.framework */; };
		900F710516662EF900220E02 /* MessageUI.framework in Frameworks */ = {isa = PBXBuildFile; fileRef = 900F710416662EF900220E02 /* MessageUI.framework */; };
		900F71071666345400220E02 /* AssetsLibrary.framework in Frameworks */ = {isa = PBXBuildFile; fileRef = 900F71061666345400220E02 /* AssetsLibrary.framework */; };
		900F710D1666379600220E02 /* MobileCoreServices.framework in Frameworks */ = {isa = PBXBuildFile; fileRef = 900F710C1666379600220E02 /* MobileCoreServices.framework */; };
		9012218616C5906800935630 /* DekoLocalizationManager.m in Sources */ = {isa = PBXBuildFile; fileRef = 9012218516C5906800935630 /* DekoLocalizationManager.m */; };
		9016B2A7168E12000021EF1F /* AdSupport.framework in Frameworks */ = {isa = PBXBuildFile; fileRef = 9016B2A6168E12000021EF1F /* AdSupport.framework */; };
		902EB34C16727DF00042F7AE /* DekoIAPViewController.m in Sources */ = {isa = PBXBuildFile; fileRef = 902EB34B16727DF00042F7AE /* DekoIAPViewController.m */; };
		9030A7B616B01B3F001BAFA9 /* QuartzCore.framework in Frameworks */ = {isa = PBXBuildFile; fileRef = 9030A7B516B01B3F001BAFA9 /* QuartzCore.framework */; };
		903B82001671EA410053A9E0 /* DekoCreditsViewController.m in Sources */ = {isa = PBXBuildFile; fileRef = 903B81FF1671EA410053A9E0 /* DekoCreditsViewController.m */; };
		903B82111672105E0053A9E0 /* DekoConstants.m in Sources */ = {isa = PBXBuildFile; fileRef = 903B82101672105D0053A9E0 /* DekoConstants.m */; };
		903D77941668AF13005F3EF8 /* HarmonySettingGenerator.m in Sources */ = {isa = PBXBuildFile; fileRef = 903D77931668AF13005F3EF8 /* HarmonySettingGenerator.m */; };
		903D77981668AF1F005F3EF8 /* HarmonyCanvasSettings.m in Sources */ = {isa = PBXBuildFile; fileRef = 903D77971668AF1F005F3EF8 /* HarmonyCanvasSettings.m */; };
		904677C017DFA0D400E6EAD0 /* DekoParallaxUpdateViewController.m in Sources */ = {isa = PBXBuildFile; fileRef = 904677BF17DFA0D400E6EAD0 /* DekoParallaxUpdateViewController.m */; };
		9053F9F716AEA86A00B3192B /* Localizable.strings in Resources */ = {isa = PBXBuildFile; fileRef = 9053F9F916AEA86A00B3192B /* Localizable.strings */; };
		9057C32916886583006BDE1E /* DekoMenuButton.m in Sources */ = {isa = PBXBuildFile; fileRef = 9057C32816886583006BDE1E /* DekoMenuButton.m */; };
		9057C32D16886750006BDE1E /* DekoCircleMenuView.m in Sources */ = {isa = PBXBuildFile; fileRef = 9057C32C16886750006BDE1E /* DekoCircleMenuView.m */; };
		905F099A1663567E0001AD10 /* UIKit.framework in Frameworks */ = {isa = PBXBuildFile; fileRef = 905F09991663567E0001AD10 /* UIKit.framework */; };
		905F099C1663567E0001AD10 /* Foundation.framework in Frameworks */ = {isa = PBXBuildFile; fileRef = 905F099B1663567E0001AD10 /* Foundation.framework */; };
		905F099E1663567E0001AD10 /* CoreGraphics.framework in Frameworks */ = {isa = PBXBuildFile; fileRef = 905F099D1663567E0001AD10 /* CoreGraphics.framework */; };
		905F09A41663567E0001AD10 /* InfoPlist.strings in Resources */ = {isa = PBXBuildFile; fileRef = 905F09A21663567E0001AD10 /* InfoPlist.strings */; };
		905F09A61663567E0001AD10 /* main.m in Sources */ = {isa = PBXBuildFile; fileRef = 905F09A51663567E0001AD10 /* main.m */; };
		905F09AA1663567E0001AD10 /* DekoAppDelegate.m in Sources */ = {isa = PBXBuildFile; fileRef = 905F09A91663567E0001AD10 /* DekoAppDelegate.m */; };
		905F09B31663567E0001AD10 /* DekoViewController.m in Sources */ = {isa = PBXBuildFile; fileRef = 905F09B21663567E0001AD10 /* DekoViewController.m */; };
		905F09B61663567E0001AD10 /* DekoViewController_iPhone.xib in Resources */ = {isa = PBXBuildFile; fileRef = 905F09B41663567E0001AD10 /* DekoViewController_iPhone.xib */; };
		905F09B91663567E0001AD10 /* DekoViewController_iPad.xib in Resources */ = {isa = PBXBuildFile; fileRef = 905F09B71663567E0001AD10 /* DekoViewController_iPad.xib */; };
		905F0A1A166373050001AD10 /* DekoLogoView.m in Sources */ = {isa = PBXBuildFile; fileRef = 905F0A19166373050001AD10 /* DekoLogoView.m */; };
		905F0A39166393D30001AD10 /* HarmonyColorGenerator.m in Sources */ = {isa = PBXBuildFile; fileRef = 905F0A30166393C80001AD10 /* HarmonyColorGenerator.m */; };
		905F0A3A166393D30001AD10 /* HarmonyShape.m in Sources */ = {isa = PBXBuildFile; fileRef = 905F0A32166393CA0001AD10 /* HarmonyShape.m */; };
		905F0A3B166393D30001AD10 /* HarmonyShapeFunctions.m in Sources */ = {isa = PBXBuildFile; fileRef = 905F0A34166393CD0001AD10 /* HarmonyShapeFunctions.m */; };
		905F0A3C166393D30001AD10 /* HarmonyStaticView.m in Sources */ = {isa = PBXBuildFile; fileRef = 905F0A36166393CF0001AD10 /* HarmonyStaticView.m */; };
		905F0A491663A1E20001AD10 /* DekoMenuView.m in Sources */ = {isa = PBXBuildFile; fileRef = 905F0A481663A1E10001AD10 /* DekoMenuView.m */; };
		90617FDD166F5F7B003F6684 /* DekoGalleryViewController.m in Sources */ = {isa = PBXBuildFile; fileRef = 90617FDC166F5F7B003F6684 /* DekoGalleryViewController.m */; };
		90617FE5166F6941003F6684 /* DekoGalleryItemView.m in Sources */ = {isa = PBXBuildFile; fileRef = 90617FE4166F6941003F6684 /* DekoGalleryItemView.m */; };
		9070355A166E12CC001FE82B /* DekoShareHelper.m in Sources */ = {isa = PBXBuildFile; fileRef = 90703559166E12CC001FE82B /* DekoShareHelper.m */; };
		9070355E166E252E001FE82B /* DekoSceneManager.m in Sources */ = {isa = PBXBuildFile; fileRef = 9070355D166E252E001FE82B /* DekoSceneManager.m */; };
		90703561166E26D0001FE82B /* DekoScene.m in Sources */ = {isa = PBXBuildFile; fileRef = 90703560166E26CF001FE82B /* DekoScene.m */; };
		907C3B851675069500149188 /* DekoTutorialHelper.m in Sources */ = {isa = PBXBuildFile; fileRef = 907C3B841675069500149188 /* DekoTutorialHelper.m */; };
		907E727A16675DC70070829F /* SystemConfiguration.framework in Frameworks */ = {isa = PBXBuildFile; fileRef = 907E727916675DC70070829F /* SystemConfiguration.framework */; };
		907E728016675E210070829F /* libsqlite3.dylib in Frameworks */ = {isa = PBXBuildFile; fileRef = 907E727F16675E210070829F /* libsqlite3.dylib */; };
		907E728216675E2F0070829F /* AudioToolbox.framework in Frameworks */ = {isa = PBXBuildFile; fileRef = 907E728116675E2F0070829F /* AudioToolbox.framework */; };
		907E728416675E3D0070829F /* Security.framework in Frameworks */ = {isa = PBXBuildFile; fileRef = 907E728316675E3D0070829F /* Security.framework */; };
		907E728616675E580070829F /* CFNetwork.framework in Frameworks */ = {isa = PBXBuildFile; fileRef = 907E728516675E580070829F /* CFNetwork.framework */; };
		907E728816675F370070829F /* StoreKit.framework in Frameworks */ = {isa = PBXBuildFile; fileRef = 907E728716675F370070829F /* StoreKit.framework */; };
		907E728B166760B60070829F /* DekoIAPManager.m in Sources */ = {isa = PBXBuildFile; fileRef = 907E728A166760B60070829F /* DekoIAPManager.m */; };
		90BDCA1B16C4F9F200B7B964 /* Lantinghei_1.ttf in Resources */ = {isa = PBXBuildFile; fileRef = 90BDCA1916C4F9F200B7B964 /* Lantinghei_1.ttf */; };
		90BDCA2116C4FC1700B7B964 /* AppleSDGothicNeo-UltraLight.otf in Resources */ = {isa = PBXBuildFile; fileRef = 90BDCA2016C4FC1700B7B964 /* AppleSDGothicNeo-UltraLight.otf */; };
		90C341CA1674B9F900911B67 /* DekoIAPPreviewView.m in Sources */ = {isa = PBXBuildFile; fileRef = 90C341C91674B9F900911B67 /* DekoIAPPreviewView.m */; };
		90D4EB2D16651A1F00311AEA /* libz.dylib in Frameworks */ = {isa = PBXBuildFile; fileRef = 90D4EB2C16651A1F00311AEA /* libz.dylib */; };
		90E83EBA16F09F68007C62B8 /* CoreLocation.framework in Frameworks */ = {isa = PBXBuildFile; fileRef = 90E83EB916F09F68007C62B8 /* CoreLocation.framework */; };
		90FA1ED0167DDD59003AB3A8 /* ALAssetsLibrary+CustomPhotoAlbum.m in Sources */ = {isa = PBXBuildFile; fileRef = 90FA1ECF167DDD59003AB3A8 /* ALAssetsLibrary+CustomPhotoAlbum.m */; };
		90FD7967168C632700F0D528 /* DekoFlowLayout.m in Sources */ = {isa = PBXBuildFile; fileRef = 90FD7966168C632700F0D528 /* DekoFlowLayout.m */; };
/* End PBXBuildFile section */

/* Begin PBXFileReference section */
		90002E7519ED136F00F559DD /* Images.xcassets */ = {isa = PBXFileReference; lastKnownFileType = folder.assetcatalog; path = Images.xcassets; sourceTree = "<group>"; };
		900F710116661B6A00220E02 /* Social.framework */ = {isa = PBXFileReference; lastKnownFileType = wrapper.framework; name = Social.framework; path = System/Library/Frameworks/Social.framework; sourceTree = SDKROOT; };
		900F710416662EF900220E02 /* MessageUI.framework */ = {isa = PBXFileReference; lastKnownFileType = wrapper.framework; name = MessageUI.framework; path = System/Library/Frameworks/MessageUI.framework; sourceTree = SDKROOT; };
		900F71061666345400220E02 /* AssetsLibrary.framework */ = {isa = PBXFileReference; lastKnownFileType = wrapper.framework; name = AssetsLibrary.framework; path = System/Library/Frameworks/AssetsLibrary.framework; sourceTree = SDKROOT; };
		900F710C1666379600220E02 /* MobileCoreServices.framework */ = {isa = PBXFileReference; lastKnownFileType = wrapper.framework; name = MobileCoreServices.framework; path = System/Library/Frameworks/MobileCoreServices.framework; sourceTree = SDKROOT; };
		900F71141666665200220E02 /* AECGHelpers.h */ = {isa = PBXFileReference; fileEncoding = 4; lastKnownFileType = sourcecode.c.h; path = AECGHelpers.h; sourceTree = "<group>"; };
		9012218416C5906800935630 /* DekoLocalizationManager.h */ = {isa = PBXFileReference; fileEncoding = 4; lastKnownFileType = sourcecode.c.h; path = DekoLocalizationManager.h; sourceTree = "<group>"; };
		9012218516C5906800935630 /* DekoLocalizationManager.m */ = {isa = PBXFileReference; fileEncoding = 4; lastKnownFileType = sourcecode.c.objc; path = DekoLocalizationManager.m; sourceTree = "<group>"; };
		9016B2A6168E12000021EF1F /* AdSupport.framework */ = {isa = PBXFileReference; lastKnownFileType = wrapper.framework; name = AdSupport.framework; path = System/Library/Frameworks/AdSupport.framework; sourceTree = SDKROOT; };
		9027FBD416C28A6E00B83783 /* it */ = {isa = PBXFileReference; lastKnownFileType = text.plist.strings; name = it; path = it.lproj/Localizable.strings; sourceTree = "<group>"; };
		9027FBD516C28A6E00B83783 /* it */ = {isa = PBXFileReference; lastKnownFileType = file.xib; name = it; path = it.lproj/DekoViewController_iPhone.xib; sourceTree = "<group>"; };
		9027FBD616C28A6E00B83783 /* it */ = {isa = PBXFileReference; lastKnownFileType = file.xib; name = it; path = it.lproj/DekoViewController_iPad.xib; sourceTree = "<group>"; };
		9027FBD716C28A6E00B83783 /* it */ = {isa = PBXFileReference; lastKnownFileType = text.plist.strings; name = it; path = it.lproj/InfoPlist.strings; sourceTree = "<group>"; };
		902EB34A16727DF00042F7AE /* DekoIAPViewController.h */ = {isa = PBXFileReference; fileEncoding = 4; lastKnownFileType = sourcecode.c.h; path = DekoIAPViewController.h; sourceTree = "<group>"; };
		902EB34B16727DF00042F7AE /* DekoIAPViewController.m */ = {isa = PBXFileReference; fileEncoding = 4; lastKnownFileType = sourcecode.c.objc; path = DekoIAPViewController.m; sourceTree = "<group>"; };
		9030A7B516B01B3F001BAFA9 /* QuartzCore.framework */ = {isa = PBXFileReference; lastKnownFileType = wrapper.framework; name = QuartzCore.framework; path = System/Library/Frameworks/QuartzCore.framework; sourceTree = SDKROOT; };
		903B81FE1671EA410053A9E0 /* DekoCreditsViewController.h */ = {isa = PBXFileReference; fileEncoding = 4; lastKnownFileType = sourcecode.c.h; path = DekoCreditsViewController.h; sourceTree = "<group>"; };
		903B81FF1671EA410053A9E0 /* DekoCreditsViewController.m */ = {isa = PBXFileReference; fileEncoding = 4; lastKnownFileType = sourcecode.c.objc; path = DekoCreditsViewController.m; sourceTree = "<group>"; };
		903B820F1672105D0053A9E0 /* DekoConstants.h */ = {isa = PBXFileReference; fileEncoding = 4; lastKnownFileType = sourcecode.c.h; path = DekoConstants.h; sourceTree = "<group>"; };
		903B82101672105D0053A9E0 /* DekoConstants.m */ = {isa = PBXFileReference; fileEncoding = 4; lastKnownFileType = sourcecode.c.objc; path = DekoConstants.m; sourceTree = "<group>"; };
		903D77921668AF13005F3EF8 /* HarmonySettingGenerator.h */ = {isa = PBXFileReference; fileEncoding = 4; lastKnownFileType = sourcecode.c.h; path = HarmonySettingGenerator.h; sourceTree = "<group>"; };
		903D77931668AF13005F3EF8 /* HarmonySettingGenerator.m */ = {isa = PBXFileReference; fileEncoding = 4; lastKnownFileType = sourcecode.c.objc; path = HarmonySettingGenerator.m; sourceTree = "<group>"; };
		903D77961668AF1F005F3EF8 /* HarmonyCanvasSettings.h */ = {isa = PBXFileReference; fileEncoding = 4; lastKnownFileType = sourcecode.c.h; path = HarmonyCanvasSettings.h; sourceTree = "<group>"; };
		903D77971668AF1F005F3EF8 /* HarmonyCanvasSettings.m */ = {isa = PBXFileReference; fileEncoding = 4; lastKnownFileType = sourcecode.c.objc; path = HarmonyCanvasSettings.m; sourceTree = "<group>"; };
		904677BE17DFA0D400E6EAD0 /* DekoParallaxUpdateViewController.h */ = {isa = PBXFileReference; fileEncoding = 4; lastKnownFileType = sourcecode.c.h; path = DekoParallaxUpdateViewController.h; sourceTree = "<group>"; };
		904677BF17DFA0D400E6EAD0 /* DekoParallaxUpdateViewController.m */ = {isa = PBXFileReference; fileEncoding = 4; lastKnownFileType = sourcecode.c.objc; path = DekoParallaxUpdateViewController.m; sourceTree = "<group>"; };
		9053F9F816AEA86A00B3192B /* en */ = {isa = PBXFileReference; lastKnownFileType = text.plist.strings; name = en; path = en.lproj/Localizable.strings; sourceTree = "<group>"; };
		9057C32716886583006BDE1E /* DekoMenuButton.h */ = {isa = PBXFileReference; fileEncoding = 4; lastKnownFileType = sourcecode.c.h; path = DekoMenuButton.h; sourceTree = "<group>"; };
		9057C32816886583006BDE1E /* DekoMenuButton.m */ = {isa = PBXFileReference; fileEncoding = 4; lastKnownFileType = sourcecode.c.objc; path = DekoMenuButton.m; sourceTree = "<group>"; };
		9057C32B16886750006BDE1E /* DekoCircleMenuView.h */ = {isa = PBXFileReference; fileEncoding = 4; lastKnownFileType = sourcecode.c.h; path = DekoCircleMenuView.h; sourceTree = "<group>"; };
		9057C32C16886750006BDE1E /* DekoCircleMenuView.m */ = {isa = PBXFileReference; fileEncoding = 4; lastKnownFileType = sourcecode.c.objc; path = DekoCircleMenuView.m; sourceTree = "<group>"; };
		905F09951663567E0001AD10 /* deko.app */ = {isa = PBXFileReference; explicitFileType = wrapper.application; includeInIndex = 0; path = deko.app; sourceTree = BUILT_PRODUCTS_DIR; };
		905F09991663567E0001AD10 /* UIKit.framework */ = {isa = PBXFileReference; lastKnownFileType = wrapper.framework; name = UIKit.framework; path = System/Library/Frameworks/UIKit.framework; sourceTree = SDKROOT; };
		905F099B1663567E0001AD10 /* Foundation.framework */ = {isa = PBXFileReference; lastKnownFileType = wrapper.framework; name = Foundation.framework; path = System/Library/Frameworks/Foundation.framework; sourceTree = SDKROOT; };
		905F099D1663567E0001AD10 /* CoreGraphics.framework */ = {isa = PBXFileReference; lastKnownFileType = wrapper.framework; name = CoreGraphics.framework; path = System/Library/Frameworks/CoreGraphics.framework; sourceTree = SDKROOT; };
		905F09A11663567E0001AD10 /* deko-Info.plist */ = {isa = PBXFileReference; lastKnownFileType = text.plist.xml; path = "deko-Info.plist"; sourceTree = "<group>"; };
		905F09A31663567E0001AD10 /* en */ = {isa = PBXFileReference; lastKnownFileType = text.plist.strings; name = en; path = en.lproj/InfoPlist.strings; sourceTree = "<group>"; };
		905F09A51663567E0001AD10 /* main.m */ = {isa = PBXFileReference; lastKnownFileType = sourcecode.c.objc; path = main.m; sourceTree = "<group>"; };
		905F09A71663567E0001AD10 /* deko-Prefix.pch */ = {isa = PBXFileReference; lastKnownFileType = sourcecode.c.h; path = "deko-Prefix.pch"; sourceTree = "<group>"; };
		905F09A81663567E0001AD10 /* DekoAppDelegate.h */ = {isa = PBXFileReference; lastKnownFileType = sourcecode.c.h; path = DekoAppDelegate.h; sourceTree = "<group>"; };
		905F09A91663567E0001AD10 /* DekoAppDelegate.m */ = {isa = PBXFileReference; lastKnownFileType = sourcecode.c.objc; path = DekoAppDelegate.m; sourceTree = "<group>"; };
		905F09B11663567E0001AD10 /* DekoViewController.h */ = {isa = PBXFileReference; lastKnownFileType = sourcecode.c.h; path = DekoViewController.h; sourceTree = "<group>"; };
		905F09B21663567E0001AD10 /* DekoViewController.m */ = {isa = PBXFileReference; lastKnownFileType = sourcecode.c.objc; path = DekoViewController.m; sourceTree = "<group>"; };
		905F09B51663567E0001AD10 /* en */ = {isa = PBXFileReference; lastKnownFileType = file.xib; name = en; path = en.lproj/DekoViewController_iPhone.xib; sourceTree = "<group>"; };
		905F09B81663567E0001AD10 /* en */ = {isa = PBXFileReference; lastKnownFileType = file.xib; name = en; path = en.lproj/DekoViewController_iPad.xib; sourceTree = "<group>"; };
		905F0A18166373050001AD10 /* DekoLogoView.h */ = {isa = PBXFileReference; fileEncoding = 4; lastKnownFileType = sourcecode.c.h; path = DekoLogoView.h; sourceTree = "<group>"; };
		905F0A19166373050001AD10 /* DekoLogoView.m */ = {isa = PBXFileReference; fileEncoding = 4; lastKnownFileType = sourcecode.c.objc; path = DekoLogoView.m; sourceTree = "<group>"; };
		905F0A2F166393C70001AD10 /* HarmonyColorGenerator.h */ = {isa = PBXFileReference; fileEncoding = 4; lastKnownFileType = sourcecode.c.h; path = HarmonyColorGenerator.h; sourceTree = "<group>"; };
		905F0A30166393C80001AD10 /* HarmonyColorGenerator.m */ = {isa = PBXFileReference; fileEncoding = 4; lastKnownFileType = sourcecode.c.objc; path = HarmonyColorGenerator.m; sourceTree = "<group>"; };
		905F0A31166393C90001AD10 /* HarmonyShape.h */ = {isa = PBXFileReference; fileEncoding = 4; lastKnownFileType = sourcecode.c.h; path = HarmonyShape.h; sourceTree = "<group>"; };
		905F0A32166393CA0001AD10 /* HarmonyShape.m */ = {isa = PBXFileReference; fileEncoding = 4; lastKnownFileType = sourcecode.c.objc; path = HarmonyShape.m; sourceTree = "<group>"; };
		905F0A33166393CC0001AD10 /* HarmonyShapeFunctions.h */ = {isa = PBXFileReference; fileEncoding = 4; lastKnownFileType = sourcecode.c.h; path = HarmonyShapeFunctions.h; sourceTree = "<group>"; };
		905F0A34166393CD0001AD10 /* HarmonyShapeFunctions.m */ = {isa = PBXFileReference; fileEncoding = 4; lastKnownFileType = sourcecode.c.objc; path = HarmonyShapeFunctions.m; sourceTree = "<group>"; };
		905F0A35166393CE0001AD10 /* HarmonyStaticView.h */ = {isa = PBXFileReference; fileEncoding = 4; lastKnownFileType = sourcecode.c.h; path = HarmonyStaticView.h; sourceTree = "<group>"; };
		905F0A36166393CF0001AD10 /* HarmonyStaticView.m */ = {isa = PBXFileReference; fileEncoding = 4; lastKnownFileType = sourcecode.c.objc; path = HarmonyStaticView.m; sourceTree = "<group>"; };
		905F0A471663A1E00001AD10 /* DekoMenuView.h */ = {isa = PBXFileReference; fileEncoding = 4; lastKnownFileType = sourcecode.c.h; path = DekoMenuView.h; sourceTree = "<group>"; };
		905F0A481663A1E10001AD10 /* DekoMenuView.m */ = {isa = PBXFileReference; fileEncoding = 4; lastKnownFileType = sourcecode.c.objc; path = DekoMenuView.m; sourceTree = "<group>"; };
		90617FDB166F5F7B003F6684 /* DekoGalleryViewController.h */ = {isa = PBXFileReference; fileEncoding = 4; lastKnownFileType = sourcecode.c.h; path = DekoGalleryViewController.h; sourceTree = "<group>"; };
		90617FDC166F5F7B003F6684 /* DekoGalleryViewController.m */ = {isa = PBXFileReference; fileEncoding = 4; lastKnownFileType = sourcecode.c.objc; path = DekoGalleryViewController.m; sourceTree = "<group>"; };
		90617FE3166F6941003F6684 /* DekoGalleryItemView.h */ = {isa = PBXFileReference; fileEncoding = 4; lastKnownFileType = sourcecode.c.h; path = DekoGalleryItemView.h; sourceTree = "<group>"; };
		90617FE4166F6941003F6684 /* DekoGalleryItemView.m */ = {isa = PBXFileReference; fileEncoding = 4; lastKnownFileType = sourcecode.c.objc; path = DekoGalleryItemView.m; sourceTree = "<group>"; };
		90703558166E12CC001FE82B /* DekoShareHelper.h */ = {isa = PBXFileReference; fileEncoding = 4; lastKnownFileType = sourcecode.c.h; path = DekoShareHelper.h; sourceTree = "<group>"; };
		90703559166E12CC001FE82B /* DekoShareHelper.m */ = {isa = PBXFileReference; fileEncoding = 4; lastKnownFileType = sourcecode.c.objc; path = DekoShareHelper.m; sourceTree = "<group>"; };
		9070355C166E252E001FE82B /* DekoSceneManager.h */ = {isa = PBXFileReference; fileEncoding = 4; lastKnownFileType = sourcecode.c.h; path = DekoSceneManager.h; sourceTree = "<group>"; };
		9070355D166E252E001FE82B /* DekoSceneManager.m */ = {isa = PBXFileReference; fileEncoding = 4; lastKnownFileType = sourcecode.c.objc; path = DekoSceneManager.m; sourceTree = "<group>"; };
		9070355F166E26CF001FE82B /* DekoScene.h */ = {isa = PBXFileReference; fileEncoding = 4; lastKnownFileType = sourcecode.c.h; path = DekoScene.h; sourceTree = "<group>"; };
		90703560166E26CF001FE82B /* DekoScene.m */ = {isa = PBXFileReference; fileEncoding = 4; lastKnownFileType = sourcecode.c.objc; path = DekoScene.m; sourceTree = "<group>"; };
		907C3B831675069500149188 /* DekoTutorialHelper.h */ = {isa = PBXFileReference; fileEncoding = 4; lastKnownFileType = sourcecode.c.h; path = DekoTutorialHelper.h; sourceTree = "<group>"; };
		907C3B841675069500149188 /* DekoTutorialHelper.m */ = {isa = PBXFileReference; fileEncoding = 4; lastKnownFileType = sourcecode.c.objc; path = DekoTutorialHelper.m; sourceTree = "<group>"; };
		907E727916675DC70070829F /* SystemConfiguration.framework */ = {isa = PBXFileReference; lastKnownFileType = wrapper.framework; name = SystemConfiguration.framework; path = System/Library/Frameworks/SystemConfiguration.framework; sourceTree = SDKROOT; };
		907E727F16675E210070829F /* libsqlite3.dylib */ = {isa = PBXFileReference; lastKnownFileType = "compiled.mach-o.dylib"; name = libsqlite3.dylib; path = usr/lib/libsqlite3.dylib; sourceTree = SDKROOT; };
		907E728116675E2F0070829F /* AudioToolbox.framework */ = {isa = PBXFileReference; lastKnownFileType = wrapper.framework; name = AudioToolbox.framework; path = System/Library/Frameworks/AudioToolbox.framework; sourceTree = SDKROOT; };
		907E728316675E3D0070829F /* Security.framework */ = {isa = PBXFileReference; lastKnownFileType = wrapper.framework; name = Security.framework; path = System/Library/Frameworks/Security.framework; sourceTree = SDKROOT; };
		907E728516675E580070829F /* CFNetwork.framework */ = {isa = PBXFileReference; lastKnownFileType = wrapper.framework; name = CFNetwork.framework; path = System/Library/Frameworks/CFNetwork.framework; sourceTree = SDKROOT; };
		907E728716675F370070829F /* StoreKit.framework */ = {isa = PBXFileReference; lastKnownFileType = wrapper.framework; name = StoreKit.framework; path = System/Library/Frameworks/StoreKit.framework; sourceTree = SDKROOT; };
		907E7289166760B60070829F /* DekoIAPManager.h */ = {isa = PBXFileReference; fileEncoding = 4; lastKnownFileType = sourcecode.c.h; path = DekoIAPManager.h; sourceTree = "<group>"; };
		907E728A166760B60070829F /* DekoIAPManager.m */ = {isa = PBXFileReference; fileEncoding = 4; lastKnownFileType = sourcecode.c.objc; path = DekoIAPManager.m; sourceTree = "<group>"; };
		90A7DF9216C134B600FE997C /* ja */ = {isa = PBXFileReference; lastKnownFileType = file.xib; name = ja; path = ja.lproj/DekoViewController_iPhone.xib; sourceTree = "<group>"; };
		90A7DF9316C134B600FE997C /* ja */ = {isa = PBXFileReference; lastKnownFileType = file.xib; name = ja; path = ja.lproj/DekoViewController_iPad.xib; sourceTree = "<group>"; };
		90A7DF9416C134B600FE997C /* ja */ = {isa = PBXFileReference; lastKnownFileType = text.plist.strings; name = ja; path = ja.lproj/InfoPlist.strings; sourceTree = "<group>"; };
		90A7DF9516C134B600FE997C /* ja */ = {isa = PBXFileReference; lastKnownFileType = text.plist.strings; name = ja; path = ja.lproj/Localizable.strings; sourceTree = "<group>"; };
		90A7DF9616C134BE00FE997C /* zh-Hans */ = {isa = PBXFileReference; lastKnownFileType = text.plist.strings; name = "zh-Hans"; path = "zh-Hans.lproj/Localizable.strings"; sourceTree = "<group>"; };
		90A7DF9716C134BE00FE997C /* zh-Hans */ = {isa = PBXFileReference; lastKnownFileType = file.xib; name = "zh-Hans"; path = "zh-Hans.lproj/DekoViewController_iPhone.xib"; sourceTree = "<group>"; };
		90A7DF9816C134BE00FE997C /* zh-Hans */ = {isa = PBXFileReference; lastKnownFileType = file.xib; name = "zh-Hans"; path = "zh-Hans.lproj/DekoViewController_iPad.xib"; sourceTree = "<group>"; };
		90A7DF9916C134BE00FE997C /* zh-Hans */ = {isa = PBXFileReference; lastKnownFileType = text.plist.strings; name = "zh-Hans"; path = "zh-Hans.lproj/InfoPlist.strings"; sourceTree = "<group>"; };
		90A7DF9A16C134C200FE997C /* ko */ = {isa = PBXFileReference; lastKnownFileType = text.plist.strings; name = ko; path = ko.lproj/Localizable.strings; sourceTree = "<group>"; };
		90A7DF9B16C134C200FE997C /* ko */ = {isa = PBXFileReference; lastKnownFileType = file.xib; name = ko; path = ko.lproj/DekoViewController_iPhone.xib; sourceTree = "<group>"; };
		90A7DF9C16C134C200FE997C /* ko */ = {isa = PBXFileReference; lastKnownFileType = file.xib; name = ko; path = ko.lproj/DekoViewController_iPad.xib; sourceTree = "<group>"; };
		90A7DF9D16C134C200FE997C /* ko */ = {isa = PBXFileReference; lastKnownFileType = text.plist.strings; name = ko; path = ko.lproj/InfoPlist.strings; sourceTree = "<group>"; };
		90B4AB121700D7E500EA63B7 /* fi */ = {isa = PBXFileReference; lastKnownFileType = file.xib; name = fi; path = fi.lproj/DekoViewController_iPhone.xib; sourceTree = "<group>"; };
		90B4AB131700D7E500EA63B7 /* fi */ = {isa = PBXFileReference; lastKnownFileType = file.xib; name = fi; path = fi.lproj/DekoViewController_iPad.xib; sourceTree = "<group>"; };
		90B4AB141700D7E500EA63B7 /* fi */ = {isa = PBXFileReference; lastKnownFileType = text.plist.strings; name = fi; path = fi.lproj/Localizable.strings; sourceTree = "<group>"; };
		90B4AB151700D7E500EA63B7 /* fi */ = {isa = PBXFileReference; lastKnownFileType = text.plist.strings; name = fi; path = fi.lproj/InfoPlist.strings; sourceTree = "<group>"; };
		90BDCA1916C4F9F200B7B964 /* Lantinghei_1.ttf */ = {isa = PBXFileReference; lastKnownFileType = file; path = Lantinghei_1.ttf; sourceTree = "<group>"; };
		90BDCA2016C4FC1700B7B964 /* AppleSDGothicNeo-UltraLight.otf */ = {isa = PBXFileReference; lastKnownFileType = file; path = "AppleSDGothicNeo-UltraLight.otf"; sourceTree = "<group>"; };
		90C341C81674B9F900911B67 /* DekoIAPPreviewView.h */ = {isa = PBXFileReference; fileEncoding = 4; lastKnownFileType = sourcecode.c.h; path = DekoIAPPreviewView.h; sourceTree = "<group>"; };
		90C341C91674B9F900911B67 /* DekoIAPPreviewView.m */ = {isa = PBXFileReference; fileEncoding = 4; lastKnownFileType = sourcecode.c.objc; path = DekoIAPPreviewView.m; sourceTree = "<group>"; };
		90D4EB171664FD2500311AEA /* AEMacros.h */ = {isa = PBXFileReference; fileEncoding = 4; lastKnownFileType = sourcecode.c.h; path = AEMacros.h; sourceTree = "<group>"; };
		90D4EB2C16651A1F00311AEA /* libz.dylib */ = {isa = PBXFileReference; lastKnownFileType = "compiled.mach-o.dylib"; name = libz.dylib; path = usr/lib/libz.dylib; sourceTree = SDKROOT; };
		90E83EB916F09F68007C62B8 /* CoreLocation.framework */ = {isa = PBXFileReference; lastKnownFileType = wrapper.framework; name = CoreLocation.framework; path = System/Library/Frameworks/CoreLocation.framework; sourceTree = SDKROOT; };
		90FA1ECE167DDD59003AB3A8 /* ALAssetsLibrary+CustomPhotoAlbum.h */ = {isa = PBXFileReference; fileEncoding = 4; lastKnownFileType = sourcecode.c.h; path = "ALAssetsLibrary+CustomPhotoAlbum.h"; sourceTree = "<group>"; };
		90FA1ECF167DDD59003AB3A8 /* ALAssetsLibrary+CustomPhotoAlbum.m */ = {isa = PBXFileReference; fileEncoding = 4; lastKnownFileType = sourcecode.c.objc; path = "ALAssetsLibrary+CustomPhotoAlbum.m"; sourceTree = "<group>"; };
		90FD7965168C632700F0D528 /* DekoFlowLayout.h */ = {isa = PBXFileReference; fileEncoding = 4; lastKnownFileType = sourcecode.c.h; path = DekoFlowLayout.h; sourceTree = "<group>"; };
		90FD7966168C632700F0D528 /* DekoFlowLayout.m */ = {isa = PBXFileReference; fileEncoding = 4; lastKnownFileType = sourcecode.c.objc; path = DekoFlowLayout.m; sourceTree = "<group>"; };
/* End PBXFileReference section */

/* Begin PBXFrameworksBuildPhase section */
		905F09921663567E0001AD10 /* Frameworks */ = {
			isa = PBXFrameworksBuildPhase;
			buildActionMask = 2147483647;
			files = (
				90E83EBA16F09F68007C62B8 /* CoreLocation.framework in Frameworks */,
				9030A7B616B01B3F001BAFA9 /* QuartzCore.framework in Frameworks */,
				9016B2A7168E12000021EF1F /* AdSupport.framework in Frameworks */,
				907E728816675F370070829F /* StoreKit.framework in Frameworks */,
				907E728616675E580070829F /* CFNetwork.framework in Frameworks */,
				907E728416675E3D0070829F /* Security.framework in Frameworks */,
				907E728216675E2F0070829F /* AudioToolbox.framework in Frameworks */,
				907E728016675E210070829F /* libsqlite3.dylib in Frameworks */,
				907E727A16675DC70070829F /* SystemConfiguration.framework in Frameworks */,
				900F710D1666379600220E02 /* MobileCoreServices.framework in Frameworks */,
				900F71071666345400220E02 /* AssetsLibrary.framework in Frameworks */,
				900F710516662EF900220E02 /* MessageUI.framework in Frameworks */,
				900F710216661B6A00220E02 /* Social.framework in Frameworks */,
				90D4EB2D16651A1F00311AEA /* libz.dylib in Frameworks */,
				905F099A1663567E0001AD10 /* UIKit.framework in Frameworks */,
				905F099C1663567E0001AD10 /* Foundation.framework in Frameworks */,
				905F099E1663567E0001AD10 /* CoreGraphics.framework in Frameworks */,
			);
			runOnlyForDeploymentPostprocessing = 0;
		};
/* End PBXFrameworksBuildPhase section */

/* Begin PBXGroup section */
		905F098A1663567E0001AD10 = {
			isa = PBXGroup;
			children = (
				905F099F1663567E0001AD10 /* deko */,
				905F09981663567E0001AD10 /* Frameworks */,
				905F09961663567E0001AD10 /* Products */,
			);
			sourceTree = "<group>";
		};
		905F09961663567E0001AD10 /* Products */ = {
			isa = PBXGroup;
			children = (
				905F09951663567E0001AD10 /* deko.app */,
			);
			name = Products;
			sourceTree = "<group>";
		};
		905F09981663567E0001AD10 /* Frameworks */ = {
			isa = PBXGroup;
			children = (
				90E83EB916F09F68007C62B8 /* CoreLocation.framework */,
				9030A7B516B01B3F001BAFA9 /* QuartzCore.framework */,
				9016B2A6168E12000021EF1F /* AdSupport.framework */,
				907E728716675F370070829F /* StoreKit.framework */,
				907E728516675E580070829F /* CFNetwork.framework */,
				907E728316675E3D0070829F /* Security.framework */,
				907E728116675E2F0070829F /* AudioToolbox.framework */,
				907E727F16675E210070829F /* libsqlite3.dylib */,
				907E727916675DC70070829F /* SystemConfiguration.framework */,
				900F710C1666379600220E02 /* MobileCoreServices.framework */,
				900F71061666345400220E02 /* AssetsLibrary.framework */,
				900F710416662EF900220E02 /* MessageUI.framework */,
				900F710116661B6A00220E02 /* Social.framework */,
				90D4EB2C16651A1F00311AEA /* libz.dylib */,
				905F09991663567E0001AD10 /* UIKit.framework */,
				905F099B1663567E0001AD10 /* Foundation.framework */,
				905F099D1663567E0001AD10 /* CoreGraphics.framework */,
			);
			name = Frameworks;
			sourceTree = "<group>";
		};
		905F099F1663567E0001AD10 /* deko */ = {
			isa = PBXGroup;
			children = (
				90FA1ED2167DDD5F003AB3A8 /* Categories */,
				905F0A3E166393DD0001AD10 /* Harmony Visual Engine */,
				905F09A81663567E0001AD10 /* DekoAppDelegate.h */,
				905F09A91663567E0001AD10 /* DekoAppDelegate.m */,
				903B820F1672105D0053A9E0 /* DekoConstants.h */,
				903B82101672105D0053A9E0 /* DekoConstants.m */,
				905F09A51663567E0001AD10 /* main.m */,
				905F09A71663567E0001AD10 /* deko-Prefix.pch */,
				900F71141666665200220E02 /* AECGHelpers.h */,
				90D4EB171664FD2500311AEA /* AEMacros.h */,
				90617FDF166F5F85003F6684 /* View Controllers */,
				90617FE1166F5FB0003F6684 /* Helpers */,
				90617FE0166F5F9A003F6684 /* Views */,
				90617FE2166F5FCE003F6684 /* Model */,
				905F09A01663567E0001AD10 /* Supporting Files */,
			);
			path = deko;
			sourceTree = "<group>";
		};
		905F09A01663567E0001AD10 /* Supporting Files */ = {
			isa = PBXGroup;
			children = (
				90002E7519ED136F00F559DD /* Images.xcassets */,
				90BDCA1F16C4FA5C00B7B964 /* XIBs */,
				90BDCA1C16C4F9F700B7B964 /* Fonts */,
				9053F9F916AEA86A00B3192B /* Localizable.strings */,
				905F09A11663567E0001AD10 /* deko-Info.plist */,
				905F09A21663567E0001AD10 /* InfoPlist.strings */,
			);
			name = "Supporting Files";
			sourceTree = "<group>";
		};
		905F0A3E166393DD0001AD10 /* Harmony Visual Engine */ = {
			isa = PBXGroup;
			children = (
				905F0A2F166393C70001AD10 /* HarmonyColorGenerator.h */,
				905F0A30166393C80001AD10 /* HarmonyColorGenerator.m */,
				905F0A31166393C90001AD10 /* HarmonyShape.h */,
				905F0A32166393CA0001AD10 /* HarmonyShape.m */,
				905F0A33166393CC0001AD10 /* HarmonyShapeFunctions.h */,
				905F0A34166393CD0001AD10 /* HarmonyShapeFunctions.m */,
				905F0A35166393CE0001AD10 /* HarmonyStaticView.h */,
				905F0A36166393CF0001AD10 /* HarmonyStaticView.m */,
				903D77921668AF13005F3EF8 /* HarmonySettingGenerator.h */,
				903D77931668AF13005F3EF8 /* HarmonySettingGenerator.m */,
				903D77961668AF1F005F3EF8 /* HarmonyCanvasSettings.h */,
				903D77971668AF1F005F3EF8 /* HarmonyCanvasSettings.m */,
			);
			name = "Harmony Visual Engine";
			sourceTree = "<group>";
		};
		90617FDF166F5F85003F6684 /* View Controllers */ = {
			isa = PBXGroup;
			children = (
				905F09B11663567E0001AD10 /* DekoViewController.h */,
				905F09B21663567E0001AD10 /* DekoViewController.m */,
				90617FDB166F5F7B003F6684 /* DekoGalleryViewController.h */,
				90617FDC166F5F7B003F6684 /* DekoGalleryViewController.m */,
				903B81FE1671EA410053A9E0 /* DekoCreditsViewController.h */,
				903B81FF1671EA410053A9E0 /* DekoCreditsViewController.m */,
				902EB34A16727DF00042F7AE /* DekoIAPViewController.h */,
				902EB34B16727DF00042F7AE /* DekoIAPViewController.m */,
				904677BE17DFA0D400E6EAD0 /* DekoParallaxUpdateViewController.h */,
				904677BF17DFA0D400E6EAD0 /* DekoParallaxUpdateViewController.m */,
			);
			name = "View Controllers";
			sourceTree = "<group>";
		};
		90617FE0166F5F9A003F6684 /* Views */ = {
			isa = PBXGroup;
			children = (
				905F0A18166373050001AD10 /* DekoLogoView.h */,
				905F0A19166373050001AD10 /* DekoLogoView.m */,
				905F0A471663A1E00001AD10 /* DekoMenuView.h */,
				905F0A481663A1E10001AD10 /* DekoMenuView.m */,
				9057C32716886583006BDE1E /* DekoMenuButton.h */,
				9057C32816886583006BDE1E /* DekoMenuButton.m */,
				90617FE3166F6941003F6684 /* DekoGalleryItemView.h */,
				90617FE4166F6941003F6684 /* DekoGalleryItemView.m */,
				90C341C81674B9F900911B67 /* DekoIAPPreviewView.h */,
				90C341C91674B9F900911B67 /* DekoIAPPreviewView.m */,
				9057C32B16886750006BDE1E /* DekoCircleMenuView.h */,
				9057C32C16886750006BDE1E /* DekoCircleMenuView.m */,
			);
			name = Views;
			sourceTree = "<group>";
		};
		90617FE1166F5FB0003F6684 /* Helpers */ = {
			isa = PBXGroup;
			children = (
				90703558166E12CC001FE82B /* DekoShareHelper.h */,
				90703559166E12CC001FE82B /* DekoShareHelper.m */,
				907E7289166760B60070829F /* DekoIAPManager.h */,
				907E728A166760B60070829F /* DekoIAPManager.m */,
				907C3B831675069500149188 /* DekoTutorialHelper.h */,
				907C3B841675069500149188 /* DekoTutorialHelper.m */,
				90FD7965168C632700F0D528 /* DekoFlowLayout.h */,
				90FD7966168C632700F0D528 /* DekoFlowLayout.m */,
				9012218416C5906800935630 /* DekoLocalizationManager.h */,
				9012218516C5906800935630 /* DekoLocalizationManager.m */,
			);
			name = Helpers;
			sourceTree = "<group>";
		};
		90617FE2166F5FCE003F6684 /* Model */ = {
			isa = PBXGroup;
			children = (
				9070355F166E26CF001FE82B /* DekoScene.h */,
				90703560166E26CF001FE82B /* DekoScene.m */,
				9070355C166E252E001FE82B /* DekoSceneManager.h */,
				9070355D166E252E001FE82B /* DekoSceneManager.m */,
			);
			name = Model;
			sourceTree = "<group>";
		};
		90BDCA1C16C4F9F700B7B964 /* Fonts */ = {
			isa = PBXGroup;
			children = (
				90BDCA2016C4FC1700B7B964 /* AppleSDGothicNeo-UltraLight.otf */,
				90BDCA1916C4F9F200B7B964 /* Lantinghei_1.ttf */,
			);
			name = Fonts;
			sourceTree = "<group>";
		};
		90BDCA1F16C4FA5C00B7B964 /* XIBs */ = {
			isa = PBXGroup;
			children = (
				905F09B41663567E0001AD10 /* DekoViewController_iPhone.xib */,
				905F09B71663567E0001AD10 /* DekoViewController_iPad.xib */,
			);
			name = XIBs;
			sourceTree = "<group>";
		};
		90FA1ED2167DDD5F003AB3A8 /* Categories */ = {
			isa = PBXGroup;
			children = (
				90FA1ECE167DDD59003AB3A8 /* ALAssetsLibrary+CustomPhotoAlbum.h */,
				90FA1ECF167DDD59003AB3A8 /* ALAssetsLibrary+CustomPhotoAlbum.m */,
			);
			name = Categories;
			sourceTree = "<group>";
		};
/* End PBXGroup section */

/* Begin PBXNativeTarget section */
		905F09941663567E0001AD10 /* deko */ = {
			isa = PBXNativeTarget;
			buildConfigurationList = 905F09BC1663567E0001AD10 /* Build configuration list for PBXNativeTarget "deko" */;
			buildPhases = (
				905F09911663567E0001AD10 /* Sources */,
				905F09921663567E0001AD10 /* Frameworks */,
				905F09931663567E0001AD10 /* Resources */,
			);
			buildRules = (
			);
			dependencies = (
			);
			name = deko;
			productName = deko;
			productReference = 905F09951663567E0001AD10 /* deko.app */;
			productType = "com.apple.product-type.application";
		};
/* End PBXNativeTarget section */

/* Begin PBXProject section */
		905F098C1663567E0001AD10 /* Project object */ = {
			isa = PBXProject;
			attributes = {
				CLASSPREFIX = Deko;
				LastUpgradeCheck = 0450;
				ORGANIZATIONNAME = "Aero Deko";
			};
			buildConfigurationList = 905F098F1663567E0001AD10 /* Build configuration list for PBXProject "deko" */;
			compatibilityVersion = "Xcode 3.2";
			developmentRegion = English;
			hasScannedForEncodings = 0;
			knownRegions = (
				en,
				ja,
				"zh-Hans",
				ko,
				it,
				fi,
			);
			mainGroup = 905F098A1663567E0001AD10;
			productRefGroup = 905F09961663567E0001AD10 /* Products */;
			projectDirPath = "";
			projectRoot = "";
			targets = (
				905F09941663567E0001AD10 /* deko */,
			);
		};
/* End PBXProject section */

/* Begin PBXResourcesBuildPhase section */
		905F09931663567E0001AD10 /* Resources */ = {
			isa = PBXResourcesBuildPhase;
			buildActionMask = 2147483647;
			files = (
				905F09A41663567E0001AD10 /* InfoPlist.strings in Resources */,
				905F09B61663567E0001AD10 /* DekoViewController_iPhone.xib in Resources */,
				905F09B91663567E0001AD10 /* DekoViewController_iPad.xib in Resources */,
				90002E7619ED136F00F559DD /* Images.xcassets in Resources */,
				9053F9F716AEA86A00B3192B /* Localizable.strings in Resources */,
				90BDCA1B16C4F9F200B7B964 /* Lantinghei_1.ttf in Resources */,
				90BDCA2116C4FC1700B7B964 /* AppleSDGothicNeo-UltraLight.otf in Resources */,
			);
			runOnlyForDeploymentPostprocessing = 0;
		};
/* End PBXResourcesBuildPhase section */

/* Begin PBXSourcesBuildPhase section */
		905F09911663567E0001AD10 /* Sources */ = {
			isa = PBXSourcesBuildPhase;
			buildActionMask = 2147483647;
			files = (
				905F09A61663567E0001AD10 /* main.m in Sources */,
				905F09AA1663567E0001AD10 /* DekoAppDelegate.m in Sources */,
				905F09B31663567E0001AD10 /* DekoViewController.m in Sources */,
				905F0A1A166373050001AD10 /* DekoLogoView.m in Sources */,
				905F0A39166393D30001AD10 /* HarmonyColorGenerator.m in Sources */,
				905F0A3A166393D30001AD10 /* HarmonyShape.m in Sources */,
				905F0A3B166393D30001AD10 /* HarmonyShapeFunctions.m in Sources */,
				905F0A3C166393D30001AD10 /* HarmonyStaticView.m in Sources */,
				905F0A491663A1E20001AD10 /* DekoMenuView.m in Sources */,
				907E728B166760B60070829F /* DekoIAPManager.m in Sources */,
				903D77941668AF13005F3EF8 /* HarmonySettingGenerator.m in Sources */,
				903D77981668AF1F005F3EF8 /* HarmonyCanvasSettings.m in Sources */,
				9070355A166E12CC001FE82B /* DekoShareHelper.m in Sources */,
				9070355E166E252E001FE82B /* DekoSceneManager.m in Sources */,
				90703561166E26D0001FE82B /* DekoScene.m in Sources */,
				904677C017DFA0D400E6EAD0 /* DekoParallaxUpdateViewController.m in Sources */,
				90617FDD166F5F7B003F6684 /* DekoGalleryViewController.m in Sources */,
				90617FE5166F6941003F6684 /* DekoGalleryItemView.m in Sources */,
				903B82001671EA410053A9E0 /* DekoCreditsViewController.m in Sources */,
				903B82111672105E0053A9E0 /* DekoConstants.m in Sources */,
				902EB34C16727DF00042F7AE /* DekoIAPViewController.m in Sources */,
				90C341CA1674B9F900911B67 /* DekoIAPPreviewView.m in Sources */,
				907C3B851675069500149188 /* DekoTutorialHelper.m in Sources */,
				90FA1ED0167DDD59003AB3A8 /* ALAssetsLibrary+CustomPhotoAlbum.m in Sources */,
				9057C32916886583006BDE1E /* DekoMenuButton.m in Sources */,
				9057C32D16886750006BDE1E /* DekoCircleMenuView.m in Sources */,
				90FD7967168C632700F0D528 /* DekoFlowLayout.m in Sources */,
				9012218616C5906800935630 /* DekoLocalizationManager.m in Sources */,
			);
			runOnlyForDeploymentPostprocessing = 0;
		};
/* End PBXSourcesBuildPhase section */

/* Begin PBXVariantGroup section */
		9053F9F916AEA86A00B3192B /* Localizable.strings */ = {
			isa = PBXVariantGroup;
			children = (
				9053F9F816AEA86A00B3192B /* en */,
				90A7DF9516C134B600FE997C /* ja */,
				90A7DF9616C134BE00FE997C /* zh-Hans */,
				90A7DF9A16C134C200FE997C /* ko */,
				9027FBD416C28A6E00B83783 /* it */,
				90B4AB141700D7E500EA63B7 /* fi */,
			);
			name = Localizable.strings;
			path = ..;
			sourceTree = "<group>";
		};
		905F09A21663567E0001AD10 /* InfoPlist.strings */ = {
			isa = PBXVariantGroup;
			children = (
				905F09A31663567E0001AD10 /* en */,
				90A7DF9416C134B600FE997C /* ja */,
				90A7DF9916C134BE00FE997C /* zh-Hans */,
				90A7DF9D16C134C200FE997C /* ko */,
				9027FBD716C28A6E00B83783 /* it */,
				90B4AB151700D7E500EA63B7 /* fi */,
			);
			name = InfoPlist.strings;
			sourceTree = "<group>";
		};
		905F09B41663567E0001AD10 /* DekoViewController_iPhone.xib */ = {
			isa = PBXVariantGroup;
			children = (
				905F09B51663567E0001AD10 /* en */,
				90A7DF9216C134B600FE997C /* ja */,
				90A7DF9716C134BE00FE997C /* zh-Hans */,
				90A7DF9B16C134C200FE997C /* ko */,
				9027FBD516C28A6E00B83783 /* it */,
				90B4AB121700D7E500EA63B7 /* fi */,
			);
			name = DekoViewController_iPhone.xib;
			sourceTree = "<group>";
		};
		905F09B71663567E0001AD10 /* DekoViewController_iPad.xib */ = {
			isa = PBXVariantGroup;
			children = (
				905F09B81663567E0001AD10 /* en */,
				90A7DF9316C134B600FE997C /* ja */,
				90A7DF9816C134BE00FE997C /* zh-Hans */,
				90A7DF9C16C134C200FE997C /* ko */,
				9027FBD616C28A6E00B83783 /* it */,
				90B4AB131700D7E500EA63B7 /* fi */,
			);
			name = DekoViewController_iPad.xib;
			sourceTree = "<group>";
		};
/* End PBXVariantGroup section */

/* Begin XCBuildConfiguration section */
		905F09BA1663567E0001AD10 /* Debug */ = {
			isa = XCBuildConfiguration;
			buildSettings = {
				ALWAYS_SEARCH_USER_PATHS = NO;
				CLANG_CXX_LANGUAGE_STANDARD = "gnu++0x";
				CLANG_CXX_LIBRARY = "libc++";
				CLANG_ENABLE_OBJC_ARC = YES;
				CLANG_WARN_EMPTY_BODY = YES;
				CLANG_WARN__DUPLICATE_METHOD_MATCH = YES;
				"CODE_SIGN_IDENTITY[sdk=iphoneos*]" = "iPhone Developer";
				COPY_PHASE_STRIP = NO;
				GCC_C_LANGUAGE_STANDARD = gnu99;
				GCC_DYNAMIC_NO_PIC = NO;
				GCC_OPTIMIZATION_LEVEL = 0;
				GCC_PREPROCESSOR_DEFINITIONS = (
					"DEBUG=1",
					"$(inherited)",
				);
				GCC_SYMBOLS_PRIVATE_EXTERN = NO;
				GCC_WARN_ABOUT_RETURN_TYPE = YES;
				GCC_WARN_UNINITIALIZED_AUTOS = YES;
				GCC_WARN_UNUSED_VARIABLE = YES;
				IPHONEOS_DEPLOYMENT_TARGET = 6.0;
				ONLY_ACTIVE_ARCH = YES;
				SDKROOT = iphoneos;
				TARGETED_DEVICE_FAMILY = "1,2";
			};
			name = Debug;
		};
		905F09BB1663567E0001AD10 /* Release */ = {
			isa = XCBuildConfiguration;
			buildSettings = {
				ALWAYS_SEARCH_USER_PATHS = NO;
				CLANG_CXX_LANGUAGE_STANDARD = "gnu++0x";
				CLANG_CXX_LIBRARY = "libc++";
				CLANG_ENABLE_OBJC_ARC = YES;
				CLANG_WARN_EMPTY_BODY = YES;
				CLANG_WARN__DUPLICATE_METHOD_MATCH = YES;
				"CODE_SIGN_IDENTITY[sdk=iphoneos*]" = "iPhone Developer";
				COPY_PHASE_STRIP = YES;
				GCC_C_LANGUAGE_STANDARD = gnu99;
				GCC_WARN_ABOUT_RETURN_TYPE = YES;
				GCC_WARN_UNINITIALIZED_AUTOS = YES;
				GCC_WARN_UNUSED_VARIABLE = YES;
				IPHONEOS_DEPLOYMENT_TARGET = 6.0;
				OTHER_CFLAGS = "-DNS_BLOCK_ASSERTIONS=1";
				SDKROOT = iphoneos;
				TARGETED_DEVICE_FAMILY = "1,2";
				VALIDATE_PRODUCT = YES;
			};
			name = Release;
		};
		905F09BD1663567E0001AD10 /* Debug */ = {
			isa = XCBuildConfiguration;
			buildSettings = {
				ASSETCATALOG_COMPILER_APPICON_NAME = AppIcon;
				ASSETCATALOG_COMPILER_LAUNCHIMAGE_NAME = LaunchImage;
				FRAMEWORK_SEARCH_PATHS = (
					"$(inherited)",
					"\"$(SRCROOT)\"",
					"\"$(SRCROOT)/HockeySDK-iOS\"",
				);
				GCC_PRECOMPILE_PREFIX_HEADER = YES;
				GCC_PREFIX_HEADER = "deko/deko-Prefix.pch";
				INFOPLIST_FILE = "deko/deko-Info.plist";
				IPHONEOS_DEPLOYMENT_TARGET = 7.1;
				LIBRARY_SEARCH_PATHS = (
					"$(inherited)",
					"\"$(SRCROOT)/deko\"",
				);
				PRODUCT_NAME = "$(TARGET_NAME)";
				WRAPPER_EXTENSION = app;
			};
			name = Debug;
		};
		905F09BE1663567E0001AD10 /* Release */ = {
			isa = XCBuildConfiguration;
			buildSettings = {
				ASSETCATALOG_COMPILER_APPICON_NAME = AppIcon;
				ASSETCATALOG_COMPILER_LAUNCHIMAGE_NAME = LaunchImage;
				FRAMEWORK_SEARCH_PATHS = (
					"$(inherited)",
					"\"$(SRCROOT)\"",
					"\"$(SRCROOT)/HockeySDK-iOS\"",
				);
				GCC_PRECOMPILE_PREFIX_HEADER = YES;
				GCC_PREFIX_HEADER = "deko/deko-Prefix.pch";
				INFOPLIST_FILE = "deko/deko-Info.plist";
				IPHONEOS_DEPLOYMENT_TARGET = 7.1;
				LIBRARY_SEARCH_PATHS = (
					"$(inherited)",
					"\"$(SRCROOT)/deko\"",
				);
				PRODUCT_NAME = "$(TARGET_NAME)";
				WRAPPER_EXTENSION = app;
			};
			name = Release;
		};
/* End XCBuildConfiguration section */

/* Begin XCConfigurationList section */
		905F098F1663567E0001AD10 /* Build configuration list for PBXProject "deko" */ = {
			isa = XCConfigurationList;
			buildConfigurations = (
				905F09BA1663567E0001AD10 /* Debug */,
				905F09BB1663567E0001AD10 /* Release */,
			);
			defaultConfigurationIsVisible = 0;
			defaultConfigurationName = Release;
		};
		905F09BC1663567E0001AD10 /* Build configuration list for PBXNativeTarget "deko" */ = {
			isa = XCConfigurationList;
			buildConfigurations = (
				905F09BD1663567E0001AD10 /* Debug */,
				905F09BE1663567E0001AD10 /* Release */,
			);
			defaultConfigurationIsVisible = 0;
			defaultConfigurationName = Release;
		};
/* End XCConfigurationList section */
	};
	rootObject = 905F098C1663567E0001AD10 /* Project object */;
}
